// !$*UTF8*$!
{
	archiveVersion = 1;
	classes = {
	};
	objectVersion = 46;
	objects = {

/* Begin PBXBuildFile section */
		7316DFF6BE89E6022019EAAC /* Pods_CitiesTemperature.framework in Frameworks */ = {isa = PBXBuildFile; fileRef = CE582B934E0C1077429A127F /* Pods_CitiesTemperature.framework */; };
		D612B3F11E413457004D2548 /* GradientView.swift in Sources */ = {isa = PBXBuildFile; fileRef = D612B3F01E413457004D2548 /* GradientView.swift */; };
		D64BC8361E411F4A00166F88 /* AppDelegate.swift in Sources */ = {isa = PBXBuildFile; fileRef = D64BC8351E411F4A00166F88 /* AppDelegate.swift */; };
		D64BC83B1E411F4A00166F88 /* Main.storyboard in Resources */ = {isa = PBXBuildFile; fileRef = D64BC8391E411F4A00166F88 /* Main.storyboard */; };
		D64BC83D1E411F4A00166F88 /* Assets.xcassets in Resources */ = {isa = PBXBuildFile; fileRef = D64BC83C1E411F4A00166F88 /* Assets.xcassets */; };
		D64BC8401E411F4A00166F88 /* LaunchScreen.storyboard in Resources */ = {isa = PBXBuildFile; fileRef = D64BC83E1E411F4A00166F88 /* LaunchScreen.storyboard */; };
		D64BC84E1E41322600166F88 /* CityCell.swift in Sources */ = {isa = PBXBuildFile; fileRef = D64BC84D1E41322600166F88 /* CityCell.swift */; };
		D64BC8501E41322E00166F88 /* DataProvider.swift in Sources */ = {isa = PBXBuildFile; fileRef = D64BC84F1E41322E00166F88 /* DataProvider.swift */; };
		D64BC8521E41323700166F88 /* DetailViewController.swift in Sources */ = {isa = PBXBuildFile; fileRef = D64BC8511E41323700166F88 /* DetailViewController.swift */; };
		D64BC8541E41324000166F88 /* DimmingPresentationViewController.swift in Sources */ = {isa = PBXBuildFile; fileRef = D64BC8531E41324000166F88 /* DimmingPresentationViewController.swift */; };
		D64BC8571E41324A00166F88 /* WeatherPoint.swift in Sources */ = {isa = PBXBuildFile; fileRef = D64BC8551E41324A00166F88 /* WeatherPoint.swift */; };
		D64BC8581E41324A00166F88 /* WeatherProvider.swift in Sources */ = {isa = PBXBuildFile; fileRef = D64BC8561E41324A00166F88 /* WeatherProvider.swift */; };
		D64BC85A1E41325400166F88 /* FetchOperation.swift in Sources */ = {isa = PBXBuildFile; fileRef = D64BC8591E41325400166F88 /* FetchOperation.swift */; };
		D64BC85C1E41326900166F88 /* MainViewController.swift in Sources */ = {isa = PBXBuildFile; fileRef = D64BC85B1E41326900166F88 /* MainViewController.swift */; };
		D64BC85E1E41327200166F88 /* Useful.swift in Sources */ = {isa = PBXBuildFile; fileRef = D64BC85D1E41327200166F88 /* Useful.swift */; };
/* End PBXBuildFile section */

/* Begin PBXFileReference section */
		371EEC034D28C0A26C1C3669 /* Pods-CitiesTemperature.debug.xcconfig */ = {isa = PBXFileReference; includeInIndex = 1; lastKnownFileType = text.xcconfig; name = "Pods-CitiesTemperature.debug.xcconfig"; path = "Pods/Target Support Files/Pods-CitiesTemperature/Pods-CitiesTemperature.debug.xcconfig"; sourceTree = "<group>"; };
		67AC5F0B98DE2C7B5C84D4E8 /* Pods-CitiesTemperature.release.xcconfig */ = {isa = PBXFileReference; includeInIndex = 1; lastKnownFileType = text.xcconfig; name = "Pods-CitiesTemperature.release.xcconfig"; path = "Pods/Target Support Files/Pods-CitiesTemperature/Pods-CitiesTemperature.release.xcconfig"; sourceTree = "<group>"; };
		CE582B934E0C1077429A127F /* Pods_CitiesTemperature.framework */ = {isa = PBXFileReference; explicitFileType = wrapper.framework; includeInIndex = 0; path = Pods_CitiesTemperature.framework; sourceTree = BUILT_PRODUCTS_DIR; };
		D612B3F01E413457004D2548 /* GradientView.swift */ = {isa = PBXFileReference; fileEncoding = 4; lastKnownFileType = sourcecode.swift; path = GradientView.swift; sourceTree = "<group>"; };
		D64BC8321E411F4A00166F88 /* CitiesTemperature.app */ = {isa = PBXFileReference; explicitFileType = wrapper.application; includeInIndex = 0; path = CitiesTemperature.app; sourceTree = BUILT_PRODUCTS_DIR; };
		D64BC8351E411F4A00166F88 /* AppDelegate.swift */ = {isa = PBXFileReference; lastKnownFileType = sourcecode.swift; path = AppDelegate.swift; sourceTree = "<group>"; };
		D64BC83A1E411F4A00166F88 /* Base */ = {isa = PBXFileReference; lastKnownFileType = file.storyboard; name = Base; path = Base.lproj/Main.storyboard; sourceTree = "<group>"; };
		D64BC83C1E411F4A00166F88 /* Assets.xcassets */ = {isa = PBXFileReference; lastKnownFileType = folder.assetcatalog; path = Assets.xcassets; sourceTree = "<group>"; };
		D64BC83F1E411F4A00166F88 /* Base */ = {isa = PBXFileReference; lastKnownFileType = file.storyboard; name = Base; path = Base.lproj/LaunchScreen.storyboard; sourceTree = "<group>"; };
		D64BC8411E411F4A00166F88 /* Info.plist */ = {isa = PBXFileReference; lastKnownFileType = text.plist.xml; path = Info.plist; sourceTree = "<group>"; };
		D64BC84D1E41322600166F88 /* CityCell.swift */ = {isa = PBXFileReference; fileEncoding = 4; lastKnownFileType = sourcecode.swift; path = CityCell.swift; sourceTree = "<group>"; };
		D64BC84F1E41322E00166F88 /* DataProvider.swift */ = {isa = PBXFileReference; fileEncoding = 4; lastKnownFileType = sourcecode.swift; path = DataProvider.swift; sourceTree = "<group>"; };
		D64BC8511E41323700166F88 /* DetailViewController.swift */ = {isa = PBXFileReference; fileEncoding = 4; lastKnownFileType = sourcecode.swift; path = DetailViewController.swift; sourceTree = "<group>"; };
		D64BC8531E41324000166F88 /* DimmingPresentationViewController.swift */ = {isa = PBXFileReference; fileEncoding = 4; lastKnownFileType = sourcecode.swift; path = DimmingPresentationViewController.swift; sourceTree = "<group>"; };
		D64BC8551E41324A00166F88 /* WeatherPoint.swift */ = {isa = PBXFileReference; fileEncoding = 4; lastKnownFileType = sourcecode.swift; path = WeatherPoint.swift; sourceTree = "<group>"; };
		D64BC8561E41324A00166F88 /* WeatherProvider.swift */ = {isa = PBXFileReference; fileEncoding = 4; lastKnownFileType = sourcecode.swift; path = WeatherProvider.swift; sourceTree = "<group>"; };
		D64BC8591E41325400166F88 /* FetchOperation.swift */ = {isa = PBXFileReference; fileEncoding = 4; lastKnownFileType = sourcecode.swift; path = FetchOperation.swift; sourceTree = "<group>"; };
		D64BC85B1E41326900166F88 /* MainViewController.swift */ = {isa = PBXFileReference; fileEncoding = 4; lastKnownFileType = sourcecode.swift; path = MainViewController.swift; sourceTree = "<group>"; };
		D64BC85D1E41327200166F88 /* Useful.swift */ = {isa = PBXFileReference; fileEncoding = 4; lastKnownFileType = sourcecode.swift; path = Useful.swift; sourceTree = "<group>"; };
/* End PBXFileReference section */

/* Begin PBXFrameworksBuildPhase section */
		D64BC82F1E411F4A00166F88 /* Frameworks */ = {
			isa = PBXFrameworksBuildPhase;
			buildActionMask = 2147483647;
			files = (
				7316DFF6BE89E6022019EAAC /* Pods_CitiesTemperature.framework in Frameworks */,
			);
			runOnlyForDeploymentPostprocessing = 0;
		};
/* End PBXFrameworksBuildPhase section */

/* Begin PBXGroup section */
		1E90B37025A6D4B0F3AD27F5 /* Pods */ = {
			isa = PBXGroup;
			children = (
				371EEC034D28C0A26C1C3669 /* Pods-CitiesTemperature.debug.xcconfig */,
				67AC5F0B98DE2C7B5C84D4E8 /* Pods-CitiesTemperature.release.xcconfig */,
			);
			name = Pods;
			sourceTree = "<group>";
		};
		D64BC8291E411F4A00166F88 = {
			isa = PBXGroup;
			children = (
				D64BC8341E411F4A00166F88 /* CitiesTemperature */,
				D64BC8331E411F4A00166F88 /* Products */,
				1E90B37025A6D4B0F3AD27F5 /* Pods */,
				F32C97F73DF0DD76ED81D657 /* Frameworks */,
			);
			sourceTree = "<group>";
		};
		D64BC8331E411F4A00166F88 /* Products */ = {
			isa = PBXGroup;
			children = (
				D64BC8321E411F4A00166F88 /* CitiesTemperature.app */,
			);
			name = Products;
			sourceTree = "<group>";
		};
		D64BC8341E411F4A00166F88 /* CitiesTemperature */ = {
			isa = PBXGroup;
			children = (
				D64BC84C1E4131DB00166F88 /* ViewControllers */,
				D64BC84B1E4131DA00166F88 /* Views */,
				D64BC84A1E4131D900166F88 /* Models */,
				D64BC8491E4131D800166F88 /* Storyboards & Xibs */,
				D64BC8481E4131D700166F88 /* Assets */,
				D64BC8471E4131D600166F88 /* Others */,
			);
			path = CitiesTemperature;
			sourceTree = "<group>";
		};
		D64BC8471E4131D600166F88 /* Others */ = {
			isa = PBXGroup;
			children = (
				D64BC85D1E41327200166F88 /* Useful.swift */,
				D64BC8531E41324000166F88 /* DimmingPresentationViewController.swift */,
				D64BC8351E411F4A00166F88 /* AppDelegate.swift */,
			);
			name = Others;
			sourceTree = "<group>";
		};
		D64BC8481E4131D700166F88 /* Assets */ = {
			isa = PBXGroup;
			children = (
				D64BC8411E411F4A00166F88 /* Info.plist */,
				D64BC83C1E411F4A00166F88 /* Assets.xcassets */,
			);
			name = Assets;
			sourceTree = "<group>";
		};
		D64BC8491E4131D800166F88 /* Storyboards & Xibs */ = {
			isa = PBXGroup;
			children = (
				D64BC83E1E411F4A00166F88 /* LaunchScreen.storyboard */,
				D64BC8391E411F4A00166F88 /* Main.storyboard */,
			);
			name = "Storyboards & Xibs";
			sourceTree = "<group>";
		};
		D64BC84A1E4131D900166F88 /* Models */ = {
			isa = PBXGroup;
			children = (
				D64BC8591E41325400166F88 /* FetchOperation.swift */,
				D64BC8551E41324A00166F88 /* WeatherPoint.swift */,
				D64BC8561E41324A00166F88 /* WeatherProvider.swift */,
				D64BC84F1E41322E00166F88 /* DataProvider.swift */,
			);
			name = Models;
			sourceTree = "<group>";
		};
		D64BC84B1E4131DA00166F88 /* Views */ = {
			isa = PBXGroup;
			children = (
				D612B3F01E413457004D2548 /* GradientView.swift */,
				D64BC84D1E41322600166F88 /* CityCell.swift */,
			);
			name = Views;
			sourceTree = "<group>";
		};
		D64BC84C1E4131DB00166F88 /* ViewControllers */ = {
			isa = PBXGroup;
			children = (
				D64BC85B1E41326900166F88 /* MainViewController.swift */,
				D64BC8511E41323700166F88 /* DetailViewController.swift */,
			);
			name = ViewControllers;
			sourceTree = "<group>";
		};
		F32C97F73DF0DD76ED81D657 /* Frameworks */ = {
			isa = PBXGroup;
			children = (
				CE582B934E0C1077429A127F /* Pods_CitiesTemperature.framework */,
			);
			name = Frameworks;
			sourceTree = "<group>";
		};
/* End PBXGroup section */

/* Begin PBXNativeTarget section */
		D64BC8311E411F4A00166F88 /* CitiesTemperature */ = {
			isa = PBXNativeTarget;
			buildConfigurationList = D64BC8441E411F4A00166F88 /* Build configuration list for PBXNativeTarget "CitiesTemperature" */;
			buildPhases = (
				8AE0F6BB26FC6AD0D9ED76D7 /* [CP] Check Pods Manifest.lock */,
				D64BC82E1E411F4A00166F88 /* Sources */,
				D64BC82F1E411F4A00166F88 /* Frameworks */,
				D64BC8301E411F4A00166F88 /* Resources */,
				51C7DF09244121EBD6022093 /* [CP] Embed Pods Frameworks */,
				A071D355CB04F2113B34BF5F /* [CP] Copy Pods Resources */,
			);
			buildRules = (
			);
			dependencies = (
			);
			name = CitiesTemperature;
			productName = CitiesTemperature;
			productReference = D64BC8321E411F4A00166F88 /* CitiesTemperature.app */;
			productType = "com.apple.product-type.application";
		};
/* End PBXNativeTarget section */

/* Begin PBXProject section */
		D64BC82A1E411F4A00166F88 /* Project object */ = {
			isa = PBXProject;
			attributes = {
				LastSwiftUpdateCheck = 0810;
				LastUpgradeCheck = 0810;
				ORGANIZATIONNAME = "pyroTech Ltd";
				TargetAttributes = {
					D64BC8311E411F4A00166F88 = {
						CreatedOnToolsVersion = 8.1;
						DevelopmentTeam = Y42JG5MBJS;
						ProvisioningStyle = Automatic;
					};
				};
			};
			buildConfigurationList = D64BC82D1E411F4A00166F88 /* Build configuration list for PBXProject "CitiesTemperature" */;
			compatibilityVersion = "Xcode 3.2";
			developmentRegion = English;
			hasScannedForEncodings = 0;
			knownRegions = (
				en,
				Base,
			);
			mainGroup = D64BC8291E411F4A00166F88;
			productRefGroup = D64BC8331E411F4A00166F88 /* Products */;
			projectDirPath = "";
			projectRoot = "";
			targets = (
				D64BC8311E411F4A00166F88 /* CitiesTemperature */,
			);
		};
/* End PBXProject section */

/* Begin PBXResourcesBuildPhase section */
		D64BC8301E411F4A00166F88 /* Resources */ = {
			isa = PBXResourcesBuildPhase;
			buildActionMask = 2147483647;
			files = (
				D64BC8401E411F4A00166F88 /* LaunchScreen.storyboard in Resources */,
				D64BC83D1E411F4A00166F88 /* Assets.xcassets in Resources */,
				D64BC83B1E411F4A00166F88 /* Main.storyboard in Resources */,
			);
			runOnlyForDeploymentPostprocessing = 0;
		};
/* End PBXResourcesBuildPhase section */

/* Begin PBXShellScriptBuildPhase section */
		51C7DF09244121EBD6022093 /* [CP] Embed Pods Frameworks */ = {
			isa = PBXShellScriptBuildPhase;
			buildActionMask = 2147483647;
			files = (
			);
			inputPaths = (
			);
			name = "[CP] Embed Pods Frameworks";
			outputPaths = (
			);
			runOnlyForDeploymentPostprocessing = 0;
			shellPath = /bin/sh;
			shellScript = "\"${SRCROOT}/Pods/Target Support Files/Pods-CitiesTemperature/Pods-CitiesTemperature-frameworks.sh\"\n";
			showEnvVarsInLog = 0;
		};
		8AE0F6BB26FC6AD0D9ED76D7 /* [CP] Check Pods Manifest.lock */ = {
			isa = PBXShellScriptBuildPhase;
			buildActionMask = 2147483647;
			files = (
			);
			inputPaths = (
			);
			name = "[CP] Check Pods Manifest.lock";
			outputPaths = (
			);
			runOnlyForDeploymentPostprocessing = 0;
			shellPath = /bin/sh;
			shellScript = "diff \"${PODS_ROOT}/../Podfile.lock\" \"${PODS_ROOT}/Manifest.lock\" > /dev/null\nif [ $? != 0 ] ; then\n    # print error to STDERR\n    echo \"error: The sandbox is not in sync with the Podfile.lock. Run 'pod install' or update your CocoaPods installation.\" >&2\n    exit 1\nfi\n";
			showEnvVarsInLog = 0;
		};
		A071D355CB04F2113B34BF5F /* [CP] Copy Pods Resources */ = {
			isa = PBXShellScriptBuildPhase;
			buildActionMask = 2147483647;
			files = (
			);
			inputPaths = (
			);
			name = "[CP] Copy Pods Resources";
			outputPaths = (
			);
			runOnlyForDeploymentPostprocessing = 0;
			shellPath = /bin/sh;
			shellScript = "\"${SRCROOT}/Pods/Target Support Files/Pods-CitiesTemperature/Pods-CitiesTemperature-resources.sh\"\n";
			showEnvVarsInLog = 0;
		};
/* End PBXShellScriptBuildPhase section */

/* Begin PBXSourcesBuildPhase section */
		D64BC82E1E411F4A00166F88 /* Sources */ = {
			isa = PBXSourcesBuildPhase;
			buildActionMask = 2147483647;
			files = (
				D64BC8501E41322E00166F88 /* DataProvider.swift in Sources */,
				D64BC8581E41324A00166F88 /* WeatherProvider.swift in Sources */,
				D612B3F11E413457004D2548 /* GradientView.swift in Sources */,
				D64BC85A1E41325400166F88 /* FetchOperation.swift in Sources */,
				D64BC84E1E41322600166F88 /* CityCell.swift in Sources */,
				D64BC8361E411F4A00166F88 /* AppDelegate.swift in Sources */,
				D64BC85E1E41327200166F88 /* Useful.swift in Sources */,
				D64BC8521E41323700166F88 /* DetailViewController.swift in Sources */,
				D64BC85C1E41326900166F88 /* MainViewController.swift in Sources */,
				D64BC8541E41324000166F88 /* DimmingPresentationViewController.swift in Sources */,
				D64BC8571E41324A00166F88 /* WeatherPoint.swift in Sources */,
			);
			runOnlyForDeploymentPostprocessing = 0;
		};
/* End PBXSourcesBuildPhase section */

/* Begin PBXVariantGroup section */
		D64BC8391E411F4A00166F88 /* Main.storyboard */ = {
			isa = PBXVariantGroup;
			children = (
				D64BC83A1E411F4A00166F88 /* Base */,
			);
			name = Main.storyboard;
			sourceTree = "<group>";
		};
		D64BC83E1E411F4A00166F88 /* LaunchScreen.storyboard */ = {
			isa = PBXVariantGroup;
			children = (
				D64BC83F1E411F4A00166F88 /* Base */,
			);
			name = LaunchScreen.storyboard;
			sourceTree = "<group>";
		};
/* End PBXVariantGroup section */

/* Begin XCBuildConfiguration section */
		D64BC8421E411F4A00166F88 /* Debug */ = {
			isa = XCBuildConfiguration;
			buildSettings = {
				ALWAYS_SEARCH_USER_PATHS = NO;
				CLANG_ANALYZER_NONNULL = YES;
				CLANG_CXX_LANGUAGE_STANDARD = "gnu++0x";
				CLANG_CXX_LIBRARY = "libc++";
				CLANG_ENABLE_MODULES = YES;
				CLANG_ENABLE_OBJC_ARC = YES;
				CLANG_WARN_BOOL_CONVERSION = YES;
				CLANG_WARN_CONSTANT_CONVERSION = YES;
				CLANG_WARN_DIRECT_OBJC_ISA_USAGE = YES_ERROR;
				CLANG_WARN_DOCUMENTATION_COMMENTS = YES;
				CLANG_WARN_EMPTY_BODY = YES;
				CLANG_WARN_ENUM_CONVERSION = YES;
				CLANG_WARN_INFINITE_RECURSION = YES;
				CLANG_WARN_INT_CONVERSION = YES;
				CLANG_WARN_OBJC_ROOT_CLASS = YES_ERROR;
				CLANG_WARN_SUSPICIOUS_MOVES = YES;
				CLANG_WARN_UNREACHABLE_CODE = YES;
				CLANG_WARN__DUPLICATE_METHOD_MATCH = YES;
				"CODE_SIGN_IDENTITY[sdk=iphoneos*]" = "iPhone Developer";
				COPY_PHASE_STRIP = NO;
				DEBUG_INFORMATION_FORMAT = dwarf;
				ENABLE_STRICT_OBJC_MSGSEND = YES;
				ENABLE_TESTABILITY = YES;
				GCC_C_LANGUAGE_STANDARD = gnu99;
				GCC_DYNAMIC_NO_PIC = NO;
				GCC_NO_COMMON_BLOCKS = YES;
				GCC_OPTIMIZATION_LEVEL = 0;
				GCC_PREPROCESSOR_DEFINITIONS = (
					"DEBUG=1",
					"$(inherited)",
				);
				GCC_WARN_64_TO_32_BIT_CONVERSION = YES;
				GCC_WARN_ABOUT_RETURN_TYPE = YES_ERROR;
				GCC_WARN_UNDECLARED_SELECTOR = YES;
				GCC_WARN_UNINITIALIZED_AUTOS = YES_AGGRESSIVE;
				GCC_WARN_UNUSED_FUNCTION = YES;
				GCC_WARN_UNUSED_VARIABLE = YES;
				IPHONEOS_DEPLOYMENT_TARGET = 10.1;
				MTL_ENABLE_DEBUG_INFO = YES;
				ONLY_ACTIVE_ARCH = YES;
				SDKROOT = iphoneos;
				SWIFT_ACTIVE_COMPILATION_CONDITIONS = DEBUG;
				SWIFT_OPTIMIZATION_LEVEL = "-Onone";
			};
			name = Debug;
		};
		D64BC8431E411F4A00166F88 /* Release */ = {
			isa = XCBuildConfiguration;
			buildSettings = {
				ALWAYS_SEARCH_USER_PATHS = NO;
				CLANG_ANALYZER_NONNULL = YES;
				CLANG_CXX_LANGUAGE_STANDARD = "gnu++0x";
				CLANG_CXX_LIBRARY = "libc++";
				CLANG_ENABLE_MODULES = YES;
				CLANG_ENABLE_OBJC_ARC = YES;
				CLANG_WARN_BOOL_CONVERSION = YES;
				CLANG_WARN_CONSTANT_CONVERSION = YES;
				CLANG_WARN_DIRECT_OBJC_ISA_USAGE = YES_ERROR;
				CLANG_WARN_DOCUMENTATION_COMMENTS = YES;
				CLANG_WARN_EMPTY_BODY = YES;
				CLANG_WARN_ENUM_CONVERSION = YES;
				CLANG_WARN_INFINITE_RECURSION = YES;
				CLANG_WARN_INT_CONVERSION = YES;
				CLANG_WARN_OBJC_ROOT_CLASS = YES_ERROR;
				CLANG_WARN_SUSPICIOUS_MOVES = YES;
				CLANG_WARN_UNREACHABLE_CODE = YES;
				CLANG_WARN__DUPLICATE_METHOD_MATCH = YES;
				"CODE_SIGN_IDENTITY[sdk=iphoneos*]" = "iPhone Developer";
				COPY_PHASE_STRIP = NO;
				DEBUG_INFORMATION_FORMAT = "dwarf-with-dsym";
				ENABLE_NS_ASSERTIONS = NO;
				ENABLE_STRICT_OBJC_MSGSEND = YES;
				GCC_C_LANGUAGE_STANDARD = gnu99;
				GCC_NO_COMMON_BLOCKS = YES;
				GCC_WARN_64_TO_32_BIT_CONVERSION = YES;
				GCC_WARN_ABOUT_RETURN_TYPE = YES_ERROR;
				GCC_WARN_UNDECLARED_SELECTOR = YES;
				GCC_WARN_UNINITIALIZED_AUTOS = YES_AGGRESSIVE;
				GCC_WARN_UNUSED_FUNCTION = YES;
				GCC_WARN_UNUSED_VARIABLE = YES;
				IPHONEOS_DEPLOYMENT_TARGET = 10.1;
				MTL_ENABLE_DEBUG_INFO = NO;
				SDKROOT = iphoneos;
				SWIFT_OPTIMIZATION_LEVEL = "-Owholemodule";
				VALIDATE_PRODUCT = YES;
			};
			name = Release;
		};
		D64BC8451E411F4A00166F88 /* Debug */ = {
			isa = XCBuildConfiguration;
			baseConfigurationReference = 371EEC034D28C0A26C1C3669 /* Pods-CitiesTemperature.debug.xcconfig */;
			buildSettings = {
				ASSETCATALOG_COMPILER_APPICON_NAME = AppIcon;
				DEVELOPMENT_TEAM = Y42JG5MBJS;
				INFOPLIST_FILE = CitiesTemperature/Info.plist;
				LD_RUNPATH_SEARCH_PATHS = "$(inherited) @executable_path/Frameworks";
				PRODUCT_BUNDLE_IDENTIFIER = pyroTech.CitiesTemperature;
				PRODUCT_NAME = "$(TARGET_NAME)";
				SWIFT_VERSION = 3.0;
			};
			name = Debug;
		};
		D64BC8461E411F4A00166F88 /* Release */ = {
			isa = XCBuildConfiguration;
			baseConfigurationReference = 67AC5F0B98DE2C7B5C84D4E8 /* Pods-CitiesTemperature.release.xcconfig */;
			buildSettings = {
				ASSETCATALOG_COMPILER_APPICON_NAME = AppIcon;
				DEVELOPMENT_TEAM = Y42JG5MBJS;
				INFOPLIST_FILE = CitiesTemperature/Info.plist;
				LD_RUNPATH_SEARCH_PATHS = "$(inherited) @executable_path/Frameworks";
				PRODUCT_BUNDLE_IDENTIFIER = pyroTech.CitiesTemperature;
				PRODUCT_NAME = "$(TARGET_NAME)";
				SWIFT_VERSION = 3.0;
			};
			name = Release;
		};
/* End XCBuildConfiguration section */

/* Begin XCConfigurationList section */
		D64BC82D1E411F4A00166F88 /* Build configuration list for PBXProject "CitiesTemperature" */ = {
			isa = XCConfigurationList;
			buildConfigurations = (
				D64BC8421E411F4A00166F88 /* Debug */,
				D64BC8431E411F4A00166F88 /* Release */,
			);
			defaultConfigurationIsVisible = 0;
			defaultConfigurationName = Release;
		};
		D64BC8441E411F4A00166F88 /* Build configuration list for PBXNativeTarget "CitiesTemperature" */ = {
			isa = XCConfigurationList;
			buildConfigurations = (
				D64BC8451E411F4A00166F88 /* Debug */,
				D64BC8461E411F4A00166F88 /* Release */,
			);
			defaultConfigurationIsVisible = 0;
			defaultConfigurationName = Release;
		};
/* End XCConfigurationList section */
	};
	rootObject = D64BC82A1E411F4A00166F88 /* Project object */;
}
